
Microsoft Visual Studio Solution File, Format Version 12.00
# Visual Studio 15
VisualStudioVersion = 15.0.26730.3
MinimumVisualStudioVersion = 10.0.40219.1
Project("{FAE04EC0-301F-11D3-BF4B-00C04F79EFBC}") = "ServiceKeyBoard", "ServiceKeyBoard\ServiceKeyBoard.csproj", "{C7C25D7B-67AF-4F1C-98EA-52A4EC148548}"
EndProject
Global
	GlobalSection(SolutionConfigurationPlatforms) = preSolution
		Debug|Any CPU = Debug|Any CPU
		Release|Any CPU = Release|Any CPU
	EndGlobalSection
	GlobalSection(ProjectConfigurationPlatforms) = postSolution
		{C7C25D7B-67AF-4F1C-98EA-52A4EC148548}.Debug|Any CPU.ActiveCfg = Debug|Any CPU
		{C7C25D7B-67AF-4F1C-98EA-52A4EC148548}.Debug|Any CPU.Build.0 = Debug|Any CPU
		{C7C25D7B-67AF-4F1C-98EA-52A4EC148548}.Release|Any CPU.ActiveCfg = Release|Any CPU
		{C7C25D7B-67AF-4F1C-98EA-52A4EC148548}.Release|Any CPU.Build.0 = Release|Any CPU
	EndGlobalSection
	GlobalSection(SolutionProperties) = preSolution
		HideSolutionNode = FALSE
	EndGlobalSection
	GlobalSection(ExtensibilityGlobals) = postSolution
		SolutionGuid = {1381C9C2-969F-47AD-8D68-F0960935F739}
	EndGlobalSection
EndGlobal
